<?xml version="1.0" encoding="utf-8"?>
<Project ToolsVersion="4.0" xmlns="http://schemas.microsoft.com/developer/msbuild/2003">
  <ItemGroup>
    <Filter Include="btgui">
      <UniqueIdentifier>{D6140E01-5AC8-F849-B085-54FAD4A902D3}</UniqueIdentifier>
    </Filter>
    <Filter Include="btgui\OpenGLWindow">
      <UniqueIdentifier>{DE8C5286-B5A5-FD44-AFA2-98D900D99649}</UniqueIdentifier>
    </Filter>
    <Filter Include="btgui\OpenGLWindow\GlewWindows">
      <UniqueIdentifier>{13AB476F-5729-1744-AA59-490C281F4077}</UniqueIdentifier>
    </Filter>
    <Filter Include="testbed3d">
      <UniqueIdentifier>{EDAC805C-C4C3-1446-BCC0-5C2ED51DF9E0}</UniqueIdentifier>
    </Filter>
    <Filter Include="btgui\FontFiles">
      <UniqueIdentifier>{57B1C2E3-C2A0-CF46-9293-C35517ADFB88}</UniqueIdentifier>
    </Filter>
    <Filter Include="btgui\OpenGLTrueTypeFont">
      <UniqueIdentifier>{B819F3FC-33DC-9B40-9BC4-970B9F0F057B}</UniqueIdentifier>
    </Filter>
    <Filter Include="btgui\Bullet3Common">
      <UniqueIdentifier>{8553172A-5CDD-EF48-B192-BAD03C521195}</UniqueIdentifier>
    </Filter>
    <Filter Include="btgui\Bullet3Common\shared">
      <UniqueIdentifier>{68A309CB-299E-F94C-942E-C25A3FAF6F70}</UniqueIdentifier>
    </Filter>
    <Filter Include="btgui\Timing">
      <UniqueIdentifier>{9303DBBB-F4DF-2645-BBEC-3D7619829C64}</UniqueIdentifier>
    </Filter>
  </ItemGroup>
  <ItemGroup>
    <ClInclude Include="..\..\testbed3d\SimpleOpenGL3App.h">
      <Filter>testbed3d</Filter>
    </ClInclude>
    <ClInclude Include="..\..\btgui\OpenGLWindow\TwFonts.h">
      <Filter>btgui\OpenGLWindow</Filter>
    </ClInclude>
    <ClInclude Include="..\..\btgui\OpenGLWindow\LoadShader.h">
      <Filter>btgui\OpenGLWindow</Filter>
    </ClInclude>
    <ClInclude Include="..\..\btgui\OpenGLWindow\GLPrimitiveRenderer.h">
      <Filter>btgui\OpenGLWindow</Filter>
    </ClInclude>
    <ClInclude Include="..\..\btgui\OpenGLWindow\GwenOpenGL3CoreRenderer.h">
      <Filter>btgui\OpenGLWindow</Filter>
    </ClInclude>
    <ClInclude Include="..\..\btgui\OpenGLWindow\GLInstancingRenderer.h">
      <Filter>btgui\OpenGLWindow</Filter>
    </ClInclude>
    <ClInclude Include="..\..\btgui\OpenGLWindow\GLRenderToTexture.h">
      <Filter>btgui\OpenGLWindow</Filter>
    </ClInclude>
    <ClInclude Include="..\..\btgui\OpenGLTrueTypeFont\fontstash.h">
      <Filter>btgui\OpenGLTrueTypeFont</Filter>
    </ClInclude>
    <ClInclude Include="..\..\btgui\OpenGLTrueTypeFont\opengl_fontstashcallbacks.h">
      <Filter>btgui\OpenGLTrueTypeFont</Filter>
    </ClInclude>
    <ClInclude Include="..\..\btgui\Bullet3Common\b3AlignedAllocator.h">
      <Filter>btgui\Bullet3Common</Filter>
    </ClInclude>
    <ClInclude Include="..\..\btgui\Bullet3Common\b3AlignedObjectArray.h">
      <Filter>btgui\Bullet3Common</Filter>
    </ClInclude>
    <ClInclude Include="..\..\btgui\Bullet3Common\b3CommandLineArgs.h">
      <Filter>btgui\Bullet3Common</Filter>
    </ClInclude>
    <ClInclude Include="..\..\btgui\Bullet3Common\b3HashMap.h">
      <Filter>btgui\Bullet3Common</Filter>
    </ClInclude>
    <ClInclude Include="..\..\btgui\Bullet3Common\b3Logging.h">
      <Filter>btgui\Bullet3Common</Filter>
    </ClInclude>
    <ClInclude Include="..\..\btgui\Bullet3Common\b3Matrix3x3.h">
      <Filter>btgui\Bullet3Common</Filter>
    </ClInclude>
    <ClInclude Include="..\..\btgui\Bullet3Common\b3MinMax.h">
      <Filter>btgui\Bullet3Common</Filter>
    </ClInclude>
    <ClInclude Include="..\..\btgui\Bullet3Common\b3PoolAllocator.h">
      <Filter>btgui\Bullet3Common</Filter>
    </ClInclude>
    <ClInclude Include="..\..\btgui\Bullet3Common\b3QuadWord.h">
      <Filter>btgui\Bullet3Common</Filter>
    </ClInclude>
    <ClInclude Include="..\..\btgui\Bullet3Common\b3Quaternion.h">
      <Filter>btgui\Bullet3Common</Filter>
    </ClInclude>
    <ClInclude Include="..\..\btgui\Bullet3Common\b3Random.h">
      <Filter>btgui\Bullet3Common</Filter>
    </ClInclude>
    <ClInclude Include="..\..\btgui\Bullet3Common\b3Scalar.h">
      <Filter>btgui\Bullet3Common</Filter>
    </ClInclude>
    <ClInclude Include="..\..\btgui\Bullet3Common\b3StackAlloc.h">
      <Filter>btgui\Bullet3Common</Filter>
    </ClInclude>
    <ClInclude Include="..\..\btgui\Bullet3Common\b3Transform.h">
      <Filter>btgui\Bullet3Common</Filter>
    </ClInclude>
    <ClInclude Include="..\..\btgui\Bullet3Common\b3TransformUtil.h">
      <Filter>btgui\Bullet3Common</Filter>
    </ClInclude>
    <ClInclude Include="..\..\btgui\Bullet3Common\b3Vector3.h">
      <Filter>btgui\Bullet3Common</Filter>
    </ClInclude>
    <ClInclude Include="..\..\btgui\Bullet3Common\shared\b3Float4.h">
      <Filter>btgui\Bullet3Common\shared</Filter>
    </ClInclude>
    <ClInclude Include="..\..\btgui\Bullet3Common\shared\b3Int2.h">
      <Filter>btgui\Bullet3Common\shared</Filter>
    </ClInclude>
    <ClInclude Include="..\..\btgui\Bullet3Common\shared\b3Int4.h">
      <Filter>btgui\Bullet3Common\shared</Filter>
    </ClInclude>
    <ClInclude Include="..\..\btgui\Bullet3Common\shared\b3Mat3x3.h">
      <Filter>btgui\Bullet3Common\shared</Filter>
    </ClInclude>
    <ClInclude Include="..\..\btgui\Bullet3Common\shared\b3PlatformDefinitions.h">
      <Filter>btgui\Bullet3Common\shared</Filter>
    </ClInclude>
    <ClInclude Include="..\..\btgui\Bullet3Common\shared\b3Quat.h">
      <Filter>btgui\Bullet3Common\shared</Filter>
    </ClInclude>
    <ClInclude Include="..\..\btgui\Timing\b3Clock.h">
      <Filter>btgui\Timing</Filter>
    </ClInclude>
    <ClInclude Include="..\..\btgui\OpenGLWindow\Win32OpenGLWindow.h">
      <Filter>btgui\OpenGLWindow</Filter>
    </ClInclude>
    <ClInclude Include="..\..\btgui\OpenGLWindow\Win32Window.h">
      <Filter>btgui\OpenGLWindow</Filter>
    </ClInclude>
  </ItemGroup>
  <ItemGroup>
    <ClCompile Include="..\..\btgui\OpenGLWindow\GlewWindows\glew.c">
      <Filter>btgui\OpenGLWindow\GlewWindows</Filter>
    </ClCompile>
    <ClCompile Include="..\..\testbed3d\main.cpp">
      <Filter>testbed3d</Filter>
    </ClCompile>
    <ClCompile Include="..\..\testbed3d\SimpleOpenGL3App.cpp">
      <Filter>testbed3d</Filter>
    </ClCompile>
    <ClCompile Include="..\..\btgui\FontFiles\OpenSans.cpp">
      <Filter>btgui\FontFiles</Filter>
    </ClCompile>
    <ClCompile Include="..\..\btgui\OpenGLWindow\TwFonts.cpp">
      <Filter>btgui\OpenGLWindow</Filter>
    </ClCompile>
    <ClCompile Include="..\..\btgui\OpenGLWindow\LoadShader.cpp">
      <Filter>btgui\OpenGLWindow</Filter>
    </ClCompile>
    <ClCompile Include="..\..\btgui\OpenGLWindow\GLPrimitiveRenderer.cpp">
      <Filter>btgui\OpenGLWindow</Filter>
    </ClCompile>
    <ClCompile Include="..\..\btgui\OpenGLWindow\GLInstancingRenderer.cpp">
      <Filter>btgui\OpenGLWindow</Filter>
    </ClCompile>
    <ClCompile Include="..\..\btgui\OpenGLWindow\GLRenderToTexture.cpp">
      <Filter>btgui\OpenGLWindow</Filter>
    </ClCompile>
    <ClCompile Include="..\..\btgui\OpenGLTrueTypeFont\fontstash.cpp">
      <Filter>btgui\OpenGLTrueTypeFont</Filter>
    </ClCompile>
    <ClCompile Include="..\..\btgui\OpenGLTrueTypeFont\opengl_fontstashcallbacks.cpp">
      <Filter>btgui\OpenGLTrueTypeFont</Filter>
    </ClCompile>
    <ClCompile Include="..\..\btgui\Bullet3Common\b3AlignedAllocator.cpp">
      <Filter>btgui\Bullet3Common</Filter>
    </ClCompile>
    <ClCompile Include="..\..\btgui\Bullet3Common\b3Logging.cpp">
      <Filter>btgui\Bullet3Common</Filter>
    </ClCompile>
    <ClCompile Include="..\..\btgui\Bullet3Common\b3Vector3.cpp">
      <Filter>btgui\Bullet3Common</Filter>
    </ClCompile>
    <ClCompile Include="..\..\btgui\Timing\b3Clock.cpp">
      <Filter>btgui\Timing</Filter>
    </ClCompile>
    <ClCompile Include="..\..\btgui\OpenGLWindow\Win32OpenGLWindow.cpp">
      <Filter>btgui\OpenGLWindow</Filter>
    </ClCompile>
    <ClCompile Include="..\..\btgui\OpenGLWindow\Win32Window.cpp">
      <Filter>btgui\OpenGLWindow</Filter>
    </ClCompile>
  </ItemGroup>
</Project>
